
Microsoft Visual Studio Solution File, Format Version 12.00
Project("{FAE04EC0-301F-11D3-BF4B-00C04F79EFBC}") = "2023-advend-of-code", "2023-advend-of-code\2023-advend-of-code.csproj", "{984FB455-DD5F-4350-9D03-F22029DBB604}"
EndProject
Global
	GlobalSection(SolutionConfigurationPlatforms) = preSolution
		Debug|Any CPU = Debug|Any CPU
		Release|Any CPU = Release|Any CPU
	EndGlobalSection
	GlobalSection(ProjectConfigurationPlatforms) = postSolution
		{984FB455-DD5F-4350-9D03-F22029DBB604}.Debug|Any CPU.ActiveCfg = Debug|Any CPU
		{984FB455-DD5F-4350-9D03-F22029DBB604}.Debug|Any CPU.Build.0 = Debug|Any CPU
		{984FB455-DD5F-4350-9D03-F22029DBB604}.Release|Any CPU.ActiveCfg = Release|Any CPU
		{984FB455-DD5F-4350-9D03-F22029DBB604}.Release|Any CPU.Build.0 = Release|Any CPU
	EndGlobalSection
EndGlobal
